
Microsoft Visual Studio Solution File, Format Version 12.00
# Visual Studio 15
VisualStudioVersion = 15.0.28307.902
MinimumVisualStudioVersion = 10.0.40219.1
Project("{D2ABAB84-BF74-430A-B69E-9DC6D40DDA17}") = "SSAS_1", "SSAS_1\SSAS_1.dwproj", "{63D5D4A4-E914-42FB-97C1-B0C8C7069436}"
EndProject
Global
	GlobalSection(SolutionConfigurationPlatforms) = preSolution
		Development|Default = Development|Default
	EndGlobalSection
	GlobalSection(ProjectConfigurationPlatforms) = postSolution
		{63D5D4A4-E914-42FB-97C1-B0C8C7069436}.Development|Default.ActiveCfg = Development
		{63D5D4A4-E914-42FB-97C1-B0C8C7069436}.Development|Default.Build.0 = Development
		{63D5D4A4-E914-42FB-97C1-B0C8C7069436}.Development|Default.Deploy.0 = Development
	EndGlobalSection
	GlobalSection(SolutionProperties) = preSolution
		HideSolutionNode = FALSE
	EndGlobalSection
	GlobalSection(ExtensibilityGlobals) = postSolution
		SolutionGuid = {659573C3-E5A1-4869-9A39-1E4FBA5BF22F}
	EndGlobalSection
EndGlobal
