
Microsoft Visual Studio Solution File, Format Version 12.00
# Visual Studio 15
VisualStudioVersion = 15.0.28307.902
MinimumVisualStudioVersion = 10.0.40219.1
Project("{D2ABAB84-BF74-430A-B69E-9DC6D40DDA17}") = "Mining", "Mining\Mining.dwproj", "{0B5A8223-9783-40C0-91A1-D730E6369700}"
EndProject
Project("{D2ABAB84-BF74-430A-B69E-9DC6D40DDA17}") = "MultidimensionalProject1", "MultidimensionalProject1\MultidimensionalProject1.dwproj", "{D478774C-74BA-436B-9D18-4462EDA949E9}"
EndProject
Global
	GlobalSection(SolutionConfigurationPlatforms) = preSolution
		Development|Default = Development|Default
	EndGlobalSection
	GlobalSection(ProjectConfigurationPlatforms) = postSolution
		{0B5A8223-9783-40C0-91A1-D730E6369700}.Development|Default.ActiveCfg = Development
		{0B5A8223-9783-40C0-91A1-D730E6369700}.Development|Default.Build.0 = Development
		{0B5A8223-9783-40C0-91A1-D730E6369700}.Development|Default.Deploy.0 = Development
		{D478774C-74BA-436B-9D18-4462EDA949E9}.Development|Default.ActiveCfg = Development
		{D478774C-74BA-436B-9D18-4462EDA949E9}.Development|Default.Build.0 = Development
		{D478774C-74BA-436B-9D18-4462EDA949E9}.Development|Default.Deploy.0 = Development
	EndGlobalSection
	GlobalSection(SolutionProperties) = preSolution
		HideSolutionNode = FALSE
	EndGlobalSection
	GlobalSection(ExtensibilityGlobals) = postSolution
		SolutionGuid = {0149145C-C4F2-4DC8-8E21-4F6419365673}
	EndGlobalSection
EndGlobal
